{
  "version": "3",
  "packages": {
    "specifiers": {
      "jsr:@supabase/functions-js@^0.0.0-automated": "jsr:@supabase/functions-js@0.0.0-jsr-test.1",
      "jsr:@supabase/supabase-js@2": "jsr:@supabase/supabase-js@2.93.1",
      "npm:@supabase/auth-js@2.93.1": "npm:@supabase/auth-js@2.93.1",
      "npm:@supabase/postgrest-js@2.93.1": "npm:@supabase/postgrest-js@2.93.1",
      "npm:@supabase/realtime-js@2.93.1": "npm:@supabase/realtime-js@2.93.1",
      "npm:@supabase/storage-js@2.93.1": "npm:@supabase/storage-js@2.93.1"
    },
    "jsr": {
      "@supabase/functions-js@0.0.0-jsr-test.1": {
        "integrity": "b1b37924af1f0011b4753201e1585a37b030e996c6682492e02575eb27d902b2"
      },
      "@supabase/supabase-js@2.93.1": {
        "integrity": "7d280e54ce789e41dcdba1ed1dc42b0c637a0d22578d4552e11abe9419c75e39",
        "dependencies": [
          "jsr:@supabase/functions-js@^0.0.0-automated",
          "npm:@supabase/auth-js@2.93.1",
          "npm:@supabase/postgrest-js@2.93.1",
          "npm:@supabase/realtime-js@2.93.1",
          "npm:@supabase/storage-js@2.93.1"
        ]
      }
    },
    "npm": {
      "@supabase/auth-js@2.93.1": {
        "integrity": "sha512-pC0Ek4xk4z6q7A/3+UuZ/eYgfFUUQTg3DhapzrAgJnFGDJDFDyGCj6v9nIz8+3jfLqSZ3QKGe6AoEodYjShghg==",
        "dependencies": {
          "tslib": "tslib@2.8.1"
        }
      },
      "@supabase/postgrest-js@2.93.1": {
        "integrity": "sha512-uRKKQJBDnfi6XFNFPNMh9+u3HT2PCgp065PcMPmG7e0xGuqvLtN89QxO2/SZcGbw2y1+mNBz0yUs5KmyNqF2fA==",
        "dependencies": {
          "tslib": "tslib@2.8.1"
        }
      },
      "@supabase/realtime-js@2.93.1": {
        "integrity": "sha512-2WaP/KVHPlQDjWM6qe4wOZz6zSRGaXw1lfXf4thbfvk3C3zPPKqXRyspyYnk3IhphyxSsJ2hQ/cXNOz48008tg==",
        "dependencies": {
          "@types/phoenix": "@types/phoenix@1.6.7",
          "@types/ws": "@types/ws@8.18.1",
          "tslib": "tslib@2.8.1",
          "ws": "ws@8.19.0"
        }
      },
      "@supabase/storage-js@2.93.1": {
        "integrity": "sha512-3KVwd4S1i1BVPL6KIywe5rnruNQXSkLyvrdiJmwnqwbCcDujQumARdGWBPesqCjOPKEU2M9ORWKAsn+2iLzquA==",
        "dependencies": {
          "iceberg-js": "iceberg-js@0.8.1",
          "tslib": "tslib@2.8.1"
        }
      },
      "@types/node@18.16.19": {
        "integrity": "sha512-IXl7o+R9iti9eBW4Wg2hx1xQDig183jj7YLn8F7udNceyfkbn1ZxmzZXuak20gR40D7pIkIY1kYGx5VIGbaHKA==",
        "dependencies": {}
      },
      "@types/phoenix@1.6.7": {
        "integrity": "sha512-oN9ive//QSBkf19rfDv45M7eZPi0eEXylht2OLEXicu5b4KoQ1OzXIw+xDSGWxSxe1JmepRR/ZH283vsu518/Q==",
        "dependencies": {}
      },
      "@types/ws@8.18.1": {
        "integrity": "sha512-ThVF6DCVhA8kUGy+aazFQ4kXQ7E1Ty7A3ypFOe0IcJV8O/M511G99AW24irKrW56Wt44yG9+ij8FaqoBGkuBXg==",
        "dependencies": {
          "@types/node": "@types/node@18.16.19"
        }
      },
      "iceberg-js@0.8.1": {
        "integrity": "sha512-1dhVQZXhcHje7798IVM+xoo/1ZdVfzOMIc8/rgVSijRK38EDqOJoGula9N/8ZI5RD8QTxNQtK/Gozpr+qUqRRA==",
        "dependencies": {}
      },
      "tslib@2.8.1": {
        "integrity": "sha512-oJFu94HQb+KVduSUQL7wnpmqnfmLsOA/nAh6b6EH0wCEoK0/mPeXU6c3wKDV83MkOuHPRHtSXKKU99IBazS/2w==",
        "dependencies": {}
      },
      "ws@8.19.0": {
        "integrity": "sha512-blAT2mjOEIi0ZzruJfIhb3nps74PRWTCz1IjglWEEpQl5XS/UNama6u2/rjFkDDouqr4L67ry+1aGIALViWjDg==",
        "dependencies": {}
      }
    }
  },
  "redirects": {
    "https://esm.sh/@pdf-lib/standard-fonts@^1.0.0?target=denonext": "https://esm.sh/@pdf-lib/standard-fonts@1.0.0?target=denonext",
    "https://esm.sh/@pdf-lib/upng@^1.0.1?target=denonext": "https://esm.sh/@pdf-lib/upng@1.0.1?target=denonext",
    "https://esm.sh/@types/pako@~1.0.7/index.d.ts": "https://esm.sh/@types/pako@1.0.7/index.d.ts",
    "https://esm.sh/pako@^1.0.10?target=denonext": "https://esm.sh/pako@1.0.11?target=denonext",
    "https://esm.sh/pako@^1.0.11?target=denonext": "https://esm.sh/pako@1.0.11?target=denonext",
    "https://esm.sh/pako@^1.0.6?target=denonext": "https://esm.sh/pako@1.0.11?target=denonext",
    "https://esm.sh/tslib@^1.11.1?target=denonext": "https://esm.sh/tslib@1.14.1?target=denonext"
  },
  "remote": {
    "https://deno.land/x/zod@v3.22.4/ZodError.ts": "4de18ff525e75a0315f2c12066b77b5c2ae18c7c15ef7df7e165d63536fdf2ea",
    "https://deno.land/x/zod@v3.22.4/errors.ts": "5285922d2be9700cc0c70c95e4858952b07ae193aa0224be3cbd5cd5567eabef",
    "https://deno.land/x/zod@v3.22.4/external.ts": "a6cfbd61e9e097d5f42f8a7ed6f92f93f51ff927d29c9fbaec04f03cbce130fe",
    "https://deno.land/x/zod@v3.22.4/helpers/enumUtil.ts": "54efc393cc9860e687d8b81ff52e980def00fa67377ad0bf8b3104f8a5bf698c",
    "https://deno.land/x/zod@v3.22.4/helpers/errorUtil.ts": "7a77328240be7b847af6de9189963bd9f79cab32bbc61502a9db4fe6683e2ea7",
    "https://deno.land/x/zod@v3.22.4/helpers/parseUtil.ts": "f791e6e65a0340d85ad37d26cd7a3ba67126cd9957eac2b7163162155283abb1",
    "https://deno.land/x/zod@v3.22.4/helpers/partialUtil.ts": "998c2fe79795257d4d1cf10361e74492f3b7d852f61057c7c08ac0a46488b7e7",
    "https://deno.land/x/zod@v3.22.4/helpers/typeAliases.ts": "0fda31a063c6736fc3cf9090dd94865c811dfff4f3cb8707b932bf937c6f2c3e",
    "https://deno.land/x/zod@v3.22.4/helpers/util.ts": "8baf19b19b2fca8424380367b90364b32503b6b71780269a6e3e67700bb02774",
    "https://deno.land/x/zod@v3.22.4/index.ts": "d27aabd973613985574bc31f39e45cb5d856aa122ef094a9f38a463b8ef1a268",
    "https://deno.land/x/zod@v3.22.4/locales/en.ts": "a7a25cd23563ccb5e0eed214d9b31846305ddbcdb9c5c8f508b108943366ab4c",
    "https://deno.land/x/zod@v3.22.4/mod.ts": "64e55237cb4410e17d968cd08975566059f27638ebb0b86048031b987ba251c4",
    "https://deno.land/x/zod@v3.22.4/types.ts": "724185522fafe43ee56a52333958764c8c8cd6ad4effa27b42651df873fc151e",
    "https://esm.sh/@pdf-lib/standard-fonts@1.0.0/denonext/standard-fonts.mjs": "708d496da295d425f227de54b24c0da9be34cd33f5635d9bdd355dc549b49988",
    "https://esm.sh/@pdf-lib/standard-fonts@1.0.0?target=denonext": "6831e71a173d549ea549bc8ca62160b5309cb77c41a4a34b04bc679c9bb390bf",
    "https://esm.sh/@pdf-lib/upng@1.0.1/denonext/upng.mjs": "725dab6b2d126a6cb418f24ed9bd0aa9400949cbbbe8dcb975241236fdfa2d0d",
    "https://esm.sh/@pdf-lib/upng@1.0.1?target=denonext": "0aa62a3f01d37283242d27853ae61c7e3b8e4504a80bf2f7e748efc43fb06b19",
    "https://esm.sh/pako@1.0.11/denonext/pako.mjs": "4895feb3e2441ef725da4052a5dc93d219d065fef1decc4452bb9b7ee1477c0d",
    "https://esm.sh/pako@1.0.11?target=denonext": "bc43f66ed245d58d468bf9867b3e9080c5b0590b4c14038ea308954490e0b2ea",
    "https://esm.sh/pdf-lib@1.17.1": "cf7c5527829cb9bbb3aa20d339c530067441c10eb98880360aea9e77c3c87ff8",
    "https://esm.sh/pdf-lib@1.17.1/denonext/es/core/annotation.mjs": "9fea26c9d06ec825c6bde7f498361fa4cf91cfa7f6c67c362c96edb812fe4619",
    "https://esm.sh/pdf-lib@1.17.1/denonext/es/utils.mjs": "cf96c5836fdd5f60eeccd53603c87b52c43c11c8b99e85f79f586be58a59f4d1",
    "https://esm.sh/pdf-lib@1.17.1/denonext/es/utils/index.mjs": "34773d399ffdacd2972f527377d293aa3bff9d3a0d31d48d956a00c9c0c32329",
    "https://esm.sh/pdf-lib@1.17.1/denonext/pdf-lib.mjs": "3be07aa3466e0e9eee79730a775211d6bb8547c0cb9d203c09dde6feca1dc559",
    "https://esm.sh/tslib@1.14.1/denonext/tslib.mjs": "748739307d67fbaa8ae634eed70715714dd1f54f04fe8635bcb7f72cb0aaed62",
    "https://esm.sh/tslib@1.14.1?target=denonext": "2982231d9e09e6f007540c7a24c12a7cccb0e84ca98df2ad86ff2bdca1c0fa35"
  },
  "workspace": {
    "packageJson": {
      "dependencies": [
        "npm:@hookform/resolvers@^3.10.0",
        "npm:@jridgewell/trace-mapping@^0.3.25",
        "npm:@radix-ui/react-accordion@^1.2.4",
        "npm:@radix-ui/react-alert-dialog@^1.1.7",
        "npm:@radix-ui/react-aspect-ratio@^1.1.3",
        "npm:@radix-ui/react-avatar@^1.1.4",
        "npm:@radix-ui/react-checkbox@^1.1.5",
        "npm:@radix-ui/react-collapsible@^1.1.4",
        "npm:@radix-ui/react-context-menu@^2.2.7",
        "npm:@radix-ui/react-dialog@^1.1.7",
        "npm:@radix-ui/react-dropdown-menu@^2.1.7",
        "npm:@radix-ui/react-hover-card@^1.1.7",
        "npm:@radix-ui/react-label@^2.1.3",
        "npm:@radix-ui/react-menubar@^1.1.7",
        "npm:@radix-ui/react-navigation-menu@^1.2.6",
        "npm:@radix-ui/react-popover@^1.1.7",
        "npm:@radix-ui/react-progress@^1.1.3",
        "npm:@radix-ui/react-radio-group@^1.2.4",
        "npm:@radix-ui/react-scroll-area@^1.2.4",
        "npm:@radix-ui/react-select@^2.1.7",
        "npm:@radix-ui/react-separator@^1.1.3",
        "npm:@radix-ui/react-slider@^1.2.4",
        "npm:@radix-ui/react-slot@^1.2.0",
        "npm:@radix-ui/react-switch@^1.1.4",
        "npm:@radix-ui/react-tabs@^1.1.4",
        "npm:@radix-ui/react-toast@^1.2.7",
        "npm:@radix-ui/react-toggle-group@^1.1.3",
        "npm:@radix-ui/react-toggle@^1.1.3",
        "npm:@radix-ui/react-tooltip@^1.2.0",
        "npm:@supabase/auth-ui-react@^0.4.7",
        "npm:@supabase/auth-ui-shared@^0.1.8",
        "npm:@supabase/supabase-js@^2.89.0",
        "npm:@tailwindcss/typography@^0.5.15",
        "npm:@tailwindcss/vite@^4.1.18",
        "npm:@tanstack/react-query@^5.60.5",
        "npm:@types/node@20.19.27",
        "npm:@types/react-dom@^18.3.1",
        "npm:@types/react@^18.3.11",
        "npm:@uppy/core@^5.2.0",
        "npm:@uppy/dashboard@^5.1.0",
        "npm:@uppy/google-drive@^5.1.0",
        "npm:@uppy/react@^5.1.1",
        "npm:@vitejs/plugin-react@^4.7.0",
        "npm:autoprefixer@^10.4.20",
        "npm:class-variance-authority@^0.7.1",
        "npm:clsx@^2.1.1",
        "npm:cmdk@^1.1.1",
        "npm:date-fns@^3.6.0",
        "npm:embla-carousel-react@^8.6.0",
        "npm:framer-motion@^11.13.1",
        "npm:input-otp@^1.4.2",
        "npm:lucide-react@^0.453.0",
        "npm:next-themes@^0.4.6",
        "npm:postcss@^8.4.47",
        "npm:react-day-picker@^8.10.1",
        "npm:react-dom@^18.3.1",
        "npm:react-hook-form@^7.55.0",
        "npm:react-icons@^5.4.0",
        "npm:react-resizable-panels@^2.1.7",
        "npm:react-simple-wysiwyg@^3.4.1",
        "npm:react@^18.3.1",
        "npm:recharts@^2.15.2",
        "npm:resend@^4.0.0",
        "npm:supabase@^2.70.5",
        "npm:tailwind-merge@^2.6.0",
        "npm:tailwindcss-animate@^1.0.7",
        "npm:tailwindcss@^3.4.17",
        "npm:tw-animate-css@^1.2.5",
        "npm:typescript@5.6.3",
        "npm:vaul@^1.1.2",
        "npm:vite@^7.3.0",
        "npm:wouter@^3.3.5",
        "npm:zod-validation-error@^3.4.0",
        "npm:zod@^3.24.2"
      ]
    }
  }
}
